{
  "name": "@mds-coding/hateoas",
  "version": "1.0.1",
  "lockfileVersion": 3,
  "requires": true,
  "packages": {
    "": {
      "name": "@mds-coding/hateoas",
      "version": "1.0.1",
      "license": "ISC",
      "dependencies": {
        "@mds-coding/hateoas-action": "^1.0.0",
        "@mds-coding/hateoas-entity": "^1.0.0",
        "@mds-coding/hateoas-field": "^1.0.0",
        "@mds-coding/hateoas-link": "^1.0.0",
        "@mds-coding/hateoas-resource": "^1.0.0"
      },
      "devDependencies": {
        "typescript": "^5.6.3"
      }
    },
    "node_modules/@mds-coding/hateoas-action": {
      "version": "1.0.0",
      "resolved": "https://registry.npmjs.org/@mds-coding/hateoas-action/-/hateoas-action-1.0.0.tgz",
      "integrity": "sha512-0k5uecp/aOYnmrM11LAYRDqURNEKsCMcGsqVP0mSfES2z38D6cirtC/+EenX4eCruz9jr+EJEKNiiQm2YAXOig==",
      "license": "ISC",
      "dependencies": {
        "@mds-coding/hateoas-field": "^1.0.0"
      }
    },
    "node_modules/@mds-coding/hateoas-entity": {
      "version": "1.0.0",
      "resolved": "https://registry.npmjs.org/@mds-coding/hateoas-entity/-/hateoas-entity-1.0.0.tgz",
      "integrity": "sha512-BIls4Vc1Sch8ijzEYGfl8i441TgHx+J0kl6v8Pa9I70jXOGbatlcylXWrVFB4vrhau+hBAO96D0CK6SqSp5Bfg==",
      "license": "ISC"
    },
    "node_modules/@mds-coding/hateoas-field": {
      "version": "1.0.0",
      "resolved": "https://registry.npmjs.org/@mds-coding/hateoas-field/-/hateoas-field-1.0.0.tgz",
      "integrity": "sha512-fKSGZYARM/mquEDRFVb61kNyjygFMsS1T3pSkpHph8T6+h3/SvE1WPbkJZHHk6e3VP2zDqmnEdb2BFErhR+9Aw==",
      "license": "ISC"
    },
    "node_modules/@mds-coding/hateoas-link": {
      "version": "1.0.0",
      "resolved": "https://registry.npmjs.org/@mds-coding/hateoas-link/-/hateoas-link-1.0.0.tgz",
      "integrity": "sha512-bjjzJKA0dG81lursjSERN3dV1W0UDvj2LYkNqgteKgwVF+Sde5yeFr2IsOwb5YJl7YLsn8eGvxvdEr3M8Sp6YA==",
      "license": "ISC"
    },
    "node_modules/@mds-coding/hateoas-resource": {
      "version": "1.0.0",
      "resolved": "https://registry.npmjs.org/@mds-coding/hateoas-resource/-/hateoas-resource-1.0.0.tgz",
      "integrity": "sha512-HnOou583ZiXC1wLucwurVjBrQJDpzzFM92E1Zeivos8qPbtPxdlnglnNTIBFWS4Y/hVOcLnQO49Vcl8RWNtf7g==",
      "license": "ISC",
      "dependencies": {
        "@mds-coding/hateoas-action": "^1.0.0",
        "@mds-coding/hateoas-entity": "^1.0.0",
        "@mds-coding/hateoas-field": "^1.0.0",
        "@mds-coding/hateoas-link": "^1.0.0"
      }
    },
    "node_modules/typescript": {
      "version": "5.6.3",
      "resolved": "https://registry.npmjs.org/typescript/-/typescript-5.6.3.tgz",
      "integrity": "sha512-hjcS1mhfuyi4WW8IWtjP7brDrG2cuDZukyrYrSauoXGNgx0S7zceP07adYkJycEr56BOUTNPzbInooiN3fn1qw==",
      "dev": true,
      "license": "Apache-2.0",
      "bin": {
        "tsc": "bin/tsc",
        "tsserver": "bin/tsserver"
      },
      "engines": {
        "node": ">=14.17"
      }
    }
  }
}
